
Microsoft Visual Studio Solution File, Format Version 12.00
# Visual Studio Version 16
VisualStudioVersion = 16.0.29306.81
MinimumVisualStudioVersion = 10.0.40219.1
Project("{FAE04EC0-301F-11D3-BF4B-00C04F79EFBC}") = "AWS2_01", "AWS2_01\AWS2_01.csproj", "{4058FF73-0431-4041-9985-4CB3C869F7CE}"
EndProject
Global
	GlobalSection(SolutionConfigurationPlatforms) = preSolution
		Debug|Any CPU = Debug|Any CPU
		Release|Any CPU = Release|Any CPU
	EndGlobalSection
	GlobalSection(ProjectConfigurationPlatforms) = postSolution
		{4058FF73-0431-4041-9985-4CB3C869F7CE}.Debug|Any CPU.ActiveCfg = Debug|Any CPU
		{4058FF73-0431-4041-9985-4CB3C869F7CE}.Debug|Any CPU.Build.0 = Debug|Any CPU
		{4058FF73-0431-4041-9985-4CB3C869F7CE}.Release|Any CPU.ActiveCfg = Release|Any CPU
		{4058FF73-0431-4041-9985-4CB3C869F7CE}.Release|Any CPU.Build.0 = Release|Any CPU
	EndGlobalSection
	GlobalSection(SolutionProperties) = preSolution
		HideSolutionNode = FALSE
	EndGlobalSection
	GlobalSection(ExtensibilityGlobals) = postSolution
		SolutionGuid = {044A2ED5-8752-4926-A341-315F8922A2B0}
	EndGlobalSection
EndGlobal
